
Microsoft Visual Studio Solution File, Format Version 12.00
# Visual Studio Version 16
VisualStudioVersion = 16.0.30804.86
MinimumVisualStudioVersion = 10.0.40219.1
Project("{FAE04EC0-301F-11D3-BF4B-00C04F79EFBC}") = "DataStructures", "DataStructures\DataStructures.csproj", "{B3DE6992-92CB-43AF-A2B7-AA00FACED20F}"
EndProject
Global
	GlobalSection(SolutionConfigurationPlatforms) = preSolution
		Debug|Any CPU = Debug|Any CPU
		Release|Any CPU = Release|Any CPU
	EndGlobalSection
	GlobalSection(ProjectConfigurationPlatforms) = postSolution
		{B3DE6992-92CB-43AF-A2B7-AA00FACED20F}.Debug|Any CPU.ActiveCfg = Debug|Any CPU
		{B3DE6992-92CB-43AF-A2B7-AA00FACED20F}.Debug|Any CPU.Build.0 = Debug|Any CPU
		{B3DE6992-92CB-43AF-A2B7-AA00FACED20F}.Release|Any CPU.ActiveCfg = Release|Any CPU
		{B3DE6992-92CB-43AF-A2B7-AA00FACED20F}.Release|Any CPU.Build.0 = Release|Any CPU
	EndGlobalSection
	GlobalSection(SolutionProperties) = preSolution
		HideSolutionNode = FALSE
	EndGlobalSection
	GlobalSection(ExtensibilityGlobals) = postSolution
		SolutionGuid = {3B87D63B-891E-4587-93E4-CA533A747075}
	EndGlobalSection
EndGlobal
